{
  "version": 4,
  "terraform_version": "1.1.3",
  "serial": 2,
  "lineage": "8bcad30d-0d4a-9b6c-a187-c74b9bd716a6",
  "outputs": {},
  "resources": [
    {
      "mode": "managed",
      "type": "aws_iam_user",
      "name": "users",
      "provider": "provider[\"registry.terraform.io/hashicorp/aws\"]",
      "instances": [
        {
          "schema_version": 0,
          "attributes": {
            "arn": "arn:aws:iam::905781841335:user/mary",
            "force_destroy": false,
            "id": "mary",
            "name": "mary",
            "path": "/",
            "permissions_boundary": null,
            "tags": {},
            "tags_all": {},
            "unique_id": "AIDA5FZGOBW34WOBVLGUU"
          },
          "sensitive_attributes": [],
          "private": "bnVsbA=="
        }
      ]
    }
  ]
}
